
Microsoft Visual Studio Solution File, Format Version 12.00
# Visual Studio Version 16
VisualStudioVersion = 25.0.1705.0
MinimumVisualStudioVersion = 10.0.40219.1
Project("{FAE04EC0-301F-11D3-BF4B-00C04F79EFBC}") = "trackingapi", "trackingapi\trackingapi.csproj", "{DC12ADC4-4DA3-44B8-8CA6-1720A003BD8C}"
EndProject
Project("{FAE04EC0-301F-11D3-BF4B-00C04F79EFBC}") = "tracking.client", "tracking.client\tracking.client.csproj", "{F60DD994-92C2-4562-B8F1-237966B61CAC}"
EndProject
Global
	GlobalSection(SolutionConfigurationPlatforms) = preSolution
		Debug|Any CPU = Debug|Any CPU
		Release|Any CPU = Release|Any CPU
	EndGlobalSection
	GlobalSection(ProjectConfigurationPlatforms) = postSolution
		{DC12ADC4-4DA3-44B8-8CA6-1720A003BD8C}.Debug|Any CPU.ActiveCfg = Debug|Any CPU
		{DC12ADC4-4DA3-44B8-8CA6-1720A003BD8C}.Debug|Any CPU.Build.0 = Debug|Any CPU
		{DC12ADC4-4DA3-44B8-8CA6-1720A003BD8C}.Release|Any CPU.ActiveCfg = Release|Any CPU
		{DC12ADC4-4DA3-44B8-8CA6-1720A003BD8C}.Release|Any CPU.Build.0 = Release|Any CPU
		{F60DD994-92C2-4562-B8F1-237966B61CAC}.Debug|Any CPU.ActiveCfg = Debug|Any CPU
		{F60DD994-92C2-4562-B8F1-237966B61CAC}.Debug|Any CPU.Build.0 = Debug|Any CPU
		{F60DD994-92C2-4562-B8F1-237966B61CAC}.Release|Any CPU.ActiveCfg = Release|Any CPU
		{F60DD994-92C2-4562-B8F1-237966B61CAC}.Release|Any CPU.Build.0 = Release|Any CPU
	EndGlobalSection
	GlobalSection(SolutionProperties) = preSolution
		HideSolutionNode = FALSE
	EndGlobalSection
	GlobalSection(ExtensibilityGlobals) = postSolution
		SolutionGuid = {A67E53C5-009B-411B-9DCB-84808FC679C0}
	EndGlobalSection
EndGlobal
